
Microsoft Visual Studio Solution File, Format Version 12.00
# Visual Studio Version 16
VisualStudioVersion = 16.0.30225.117
MinimumVisualStudioVersion = 10.0.40219.1
Project("{FAE04EC0-301F-11D3-BF4B-00C04F79EFBC}") = "Order_Application_Seller", "Order_Application_Seller\Order_Application_Seller.csproj", "{18C2A7C2-2B38-4B51-BDDF-F1B63E1AB941}"
	ProjectSection(ProjectDependencies) = postProject
		{FE286F48-7FFD-4061-8019-F4B160D20014} = {FE286F48-7FFD-4061-8019-F4B160D20014}
	EndProjectSection
EndProject
Project("{FAE04EC0-301F-11D3-BF4B-00C04F79EFBC}") = "Order_Application_Seller.Tests", "Order_Application_Seller.Tests\Order_Application_Seller.Tests.csproj", "{B601E8CE-EABA-420E-975A-E30D0CD72BF3}"
EndProject
Project("{FAE04EC0-301F-11D3-BF4B-00C04F79EFBC}") = "ServiceApplicationBuyGrandSeller", "ServiceApplicationBuyGrandSeller\ServiceApplicationBuyGrandSeller.csproj", "{FE286F48-7FFD-4061-8019-F4B160D20014}"
EndProject
Project("{2150E333-8FDC-42A3-9474-1A3956D46DE8}") = "Solution Items", "Solution Items", "{A15F433E-AB41-4976-9D2F-FEC39D44DD8F}"
	ProjectSection(SolutionItems) = preProject
		.editorconfig = .editorconfig
	EndProjectSection
EndProject
Global
	GlobalSection(SolutionConfigurationPlatforms) = preSolution
		Debug|Any CPU = Debug|Any CPU
		Release|Any CPU = Release|Any CPU
	EndGlobalSection
	GlobalSection(ProjectConfigurationPlatforms) = postSolution
		{18C2A7C2-2B38-4B51-BDDF-F1B63E1AB941}.Debug|Any CPU.ActiveCfg = Debug|Any CPU
		{18C2A7C2-2B38-4B51-BDDF-F1B63E1AB941}.Debug|Any CPU.Build.0 = Debug|Any CPU
		{18C2A7C2-2B38-4B51-BDDF-F1B63E1AB941}.Release|Any CPU.ActiveCfg = Release|Any CPU
		{18C2A7C2-2B38-4B51-BDDF-F1B63E1AB941}.Release|Any CPU.Build.0 = Release|Any CPU
		{B601E8CE-EABA-420E-975A-E30D0CD72BF3}.Debug|Any CPU.ActiveCfg = Debug|Any CPU
		{B601E8CE-EABA-420E-975A-E30D0CD72BF3}.Debug|Any CPU.Build.0 = Debug|Any CPU
		{B601E8CE-EABA-420E-975A-E30D0CD72BF3}.Release|Any CPU.ActiveCfg = Release|Any CPU
		{B601E8CE-EABA-420E-975A-E30D0CD72BF3}.Release|Any CPU.Build.0 = Release|Any CPU
		{FE286F48-7FFD-4061-8019-F4B160D20014}.Debug|Any CPU.ActiveCfg = Debug|Any CPU
		{FE286F48-7FFD-4061-8019-F4B160D20014}.Debug|Any CPU.Build.0 = Debug|Any CPU
		{FE286F48-7FFD-4061-8019-F4B160D20014}.Release|Any CPU.ActiveCfg = Release|Any CPU
		{FE286F48-7FFD-4061-8019-F4B160D20014}.Release|Any CPU.Build.0 = Release|Any CPU
	EndGlobalSection
	GlobalSection(SolutionProperties) = preSolution
		HideSolutionNode = FALSE
	EndGlobalSection
	GlobalSection(ExtensibilityGlobals) = postSolution
		SolutionGuid = {83F8E70E-ECD9-4AD6-B1A1-3470DF895852}
	EndGlobalSection
EndGlobal
